
Microsoft Visual Studio Solution File, Format Version 12.00
# Visual Studio Version 17
VisualStudioVersion = 17.3.32929.385
MinimumVisualStudioVersion = 10.0.40219.1
Project("{FAE04EC0-301F-11D3-BF4B-00C04F79EFBC}") = "DotNetAdvanced_examenopdracht_arno_lai", "DotNetAdvanced_examenopdracht_arno_lai.csproj", "{C0413235-FF7E-452A-949A-512D436AD298}"
EndProject
Global
	GlobalSection(SolutionConfigurationPlatforms) = preSolution
		Debug|Any CPU = Debug|Any CPU
		Release|Any CPU = Release|Any CPU
	EndGlobalSection
	GlobalSection(ProjectConfigurationPlatforms) = postSolution
		{C0413235-FF7E-452A-949A-512D436AD298}.Debug|Any CPU.ActiveCfg = Debug|Any CPU
		{C0413235-FF7E-452A-949A-512D436AD298}.Debug|Any CPU.Build.0 = Debug|Any CPU
		{C0413235-FF7E-452A-949A-512D436AD298}.Release|Any CPU.ActiveCfg = Release|Any CPU
		{C0413235-FF7E-452A-949A-512D436AD298}.Release|Any CPU.Build.0 = Release|Any CPU
	EndGlobalSection
	GlobalSection(SolutionProperties) = preSolution
		HideSolutionNode = FALSE
	EndGlobalSection
	GlobalSection(ExtensibilityGlobals) = postSolution
		SolutionGuid = {EA3027DA-10D8-46B6-91B2-78A88CBC9BF1}
	EndGlobalSection
EndGlobal
